<?xml version="1.0" encoding="UTF-8" standalone="yes" ?>
<CodeBlocks_project_file>
	<FileVersion major="1" minor="6" />
	<Project>
		<Option title="libnyutil" />
		<Option pch_mode="2" />
		<Option compiler="gcc" />
		<Build>
			<Target title="Debug">
				<Option output="/mnt/sda5/Programming/linux/lib/nyutil" prefix_auto="1" extension_auto="1" />
				<Option working_dir="/mnt/sda5/Programming/linux/lib" />
				<Option object_output="obj/Debug/" />
				<Option type="1" />
				<Option compiler="gcc" />
				<Compiler>
					<Add option="-std=c++11" />
					<Add option="-Wall" />
					<Add option="-g" />
				</Compiler>
			</Target>
			<Target title="Release">
				<Option output="/mnt/sda5/Programming/linux/lib/nyutil" prefix_auto="1" extension_auto="1" />
				<Option working_dir="/mnt/sda5/Programming/linux/lib" />
				<Option object_output="obj/Release/" />
				<Option type="1" />
				<Option compiler="gcc" />
				<Compiler>
					<Add option="-O2" />
					<Add option="-Wall" />
				</Compiler>
				<Linker>
					<Add option="-s" />
				</Linker>
			</Target>
		</Build>
		<Compiler>
			<Add option="-Winvalid-pch" />
			<Add directory="../src" />
			<Add directory=".." />
			<Add directory="C:/Program Files/libuv/include" />
		</Compiler>
		<Unit filename="../nyutil/animation.hpp">
			<Option compile="1" />
		</Unit>
		<Unit filename="../nyutil/cache.hpp">
			<Option compile="1" />
		</Unit>
		<Unit filename="../nyutil/callback.hpp">
			<Option compile="1" />
		</Unit>
		<Unit filename="../nyutil/compFunc.hpp">
			<Option compile="1" />
		</Unit>
		<Unit filename="../nyutil/compatibility.hpp">
			<Option compile="1" />
		</Unit>
		<Unit filename="../nyutil/constants.hpp">
			<Option compile="1" />
		</Unit>
		<Unit filename="../nyutil/eventLoop.hpp">
			<Option compile="1" />
		</Unit>
		<Unit filename="../nyutil/experimental/argParser.hpp" />
		<Unit filename="../nyutil/experimental/callback.hpp" />
		<Unit filename="../nyutil/experimental/cloneable.hpp" />
		<Unit filename="../nyutil/experimental/slist.hpp" />
		<Unit filename="../nyutil/fdstream.hpp">
			<Option compile="1" />
		</Unit>
		<Unit filename="../nyutil/function_traits.hpp">
			<Option compile="1" />
		</Unit>
		<Unit filename="../nyutil/hierachy.hpp">
			<Option compile="1" />
		</Unit>
		<Unit filename="../nyutil/integer_sequence.hpp">
			<Option compile="1" />
		</Unit>
		<Unit filename="../nyutil/line.hpp">
			<Option compile="1" />
		</Unit>
		<Unit filename="../nyutil/make_unique.hpp">
			<Option compile="1" />
		</Unit>
		<Unit filename="../nyutil/mat.hpp">
			<Option compile="1" />
		</Unit>
		<Unit filename="../nyutil/misc.hpp">
			<Option compile="1" />
		</Unit>
		<Unit filename="../nyutil/nonCopyable.hpp">
			<Option compile="1" />
		</Unit>
		<Unit filename="../nyutil/nyutil.hpp">
			<Option compile="1" />
			<Option weight="0" />
		</Unit>
		<Unit filename="../nyutil/rect.hpp">
			<Option compile="1" />
		</Unit>
		<Unit filename="../nyutil/refVec.hpp">
			<Option compile="1" />
		</Unit>
		<Unit filename="../nyutil/region.hpp">
			<Option compile="1" />
		</Unit>
		<Unit filename="../nyutil/system.hpp">
			<Option compile="1" />
		</Unit>
		<Unit filename="../nyutil/thread.hpp">
			<Option compile="1" />
		</Unit>
		<Unit filename="../nyutil/time.hpp">
			<Option compile="1" />
		</Unit>
		<Unit filename="../nyutil/tmp.hpp">
			<Option compile="1" />
		</Unit>
		<Unit filename="../nyutil/transformable.hpp">
			<Option compile="1" />
		</Unit>
		<Unit filename="../nyutil/triangle.hpp">
			<Option compile="1" />
		</Unit>
		<Unit filename="../nyutil/typemap.hpp">
			<Option compile="1" />
		</Unit>
		<Unit filename="../nyutil/vec.hpp">
			<Option compile="1" />
		</Unit>
		<Unit filename="test.cpp" />
		<Extensions>
			<code_completion />
			<envvars />
			<lib_finder disable_auto="1" />
			<debugger />
		</Extensions>
	</Project>
</CodeBlocks_project_file>
