<?xml version="1.0" encoding="UTF-8" standalone="yes" ?>
<CodeBlocks_project_file>
	<FileVersion major="1" minor="6" />
	<Project>
		<Option title="libnyutil" />
		<Option pch_mode="2" />
		<Option compiler="gcc" />
		<Build>
			<Target title="Debug">
				<Option output="/mnt/sda5/Programming/linux/lib/nyutil" prefix_auto="1" extension_auto="1" />
				<Option working_dir="/mnt/sda5/Programming/linux/lib" />
				<Option object_output="obj/Debug/" />
				<Option type="1" />
				<Option compiler="gcc" />
				<Compiler>
					<Add option="-Wall" />
					<Add option="-g" />
				</Compiler>
			</Target>
			<Target title="Release">
				<Option output="/mnt/sda5/Programming/linux/lib/nyutil" prefix_auto="1" extension_auto="1" />
				<Option working_dir="/mnt/sda5/Programming/linux/lib" />
				<Option object_output="obj/Release/" />
				<Option type="1" />
				<Option compiler="gcc" />
				<Compiler>
					<Add option="-O2" />
					<Add option="-Wall" />
				</Compiler>
				<Linker>
					<Add option="-s" />
				</Linker>
			</Target>
		</Build>
		<Compiler>
			<Add option="-Winvalid-pch" />
			<Add directory="../src" />
			<Add directory=".." />
			<Add directory="C:/Program Files/libuv/include" />
		</Compiler>
		<Unit filename="../nyutil/cache.hpp" />
		<Unit filename="../nyutil/callback.hpp" />
		<Unit filename="../nyutil/compFunc.hpp" />
		<Unit filename="../nyutil/constants.hpp" />
		<Unit filename="../nyutil/function_traits.hpp" />
		<Unit filename="../nyutil/hierachy.hpp" />
		<Unit filename="../nyutil/integer_sequence.hpp" />
		<Unit filename="../nyutil/line.hpp" />
		<Unit filename="../nyutil/make_unique.hpp" />
		<Unit filename="../nyutil/mat.hpp" />
		<Unit filename="../nyutil/misc.hpp" />
		<Unit filename="../nyutil/nonCopyable.hpp" />
		<Unit filename="../nyutil/nyutil.hpp">
			<Option compile="1" />
			<Option weight="0" />
		</Unit>
		<Unit filename="../nyutil/rect.hpp" />
		<Unit filename="../nyutil/refVec.hpp" />
		<Unit filename="../nyutil/region.hpp" />
		<Unit filename="../nyutil/serializer.hpp" />
		<Unit filename="../nyutil/system.hpp" />
		<Unit filename="../nyutil/time.hpp" />
		<Unit filename="../nyutil/tmp.hpp" />
		<Unit filename="../nyutil/transform.hpp" />
		<Unit filename="../nyutil/triangle.hpp" />
		<Unit filename="../nyutil/typemap.hpp" />
		<Unit filename="../nyutil/vec.hpp" />
		<Unit filename="../nyutil/watcher.hpp" />
		<Unit filename="test.cpp" />
		<Extensions>
			<code_completion />
			<envvars />
			<lib_finder disable_auto="1" />
			<debugger />
		</Extensions>
	</Project>
</CodeBlocks_project_file>
