<?xml version="1.0" encoding="UTF-8" standalone="yes" ?>
<CodeBlocks_project_file>
	<FileVersion major="1" minor="6" />
	<Project>
		<Option title="nytl" />
		<Option pch_mode="2" />
		<Option compiler="gcc" />
		<Build>
			<Target title="Debug">
				<Option output="bin/Debug/nyutil" prefix_auto="1" extension_auto="1" />
				<Option object_output="obj/Debug/" />
				<Option type="1" />
				<Option compiler="gcc" />
				<Compiler>
					<Add option="-Wall" />
					<Add option="-g" />
				</Compiler>
			</Target>
			<Target title="Release">
				<Option output="bin/Release/nyutil" prefix_auto="1" extension_auto="1" />
				<Option working_dir="/mnt/sda5/Programming/linux/lib" />
				<Option object_output="obj/Release/" />
				<Option type="1" />
				<Option compiler="gcc" />
				<Compiler>
					<Add option="-O2" />
					<Add option="-Wall" />
				</Compiler>
				<Linker>
					<Add option="-s" />
				</Linker>
			</Target>
		</Build>
		<Compiler>
			<Add option="-Winvalid-pch" />
			<Add directory="../src" />
			<Add directory=".." />
			<Add directory="C:/Program Files/libuv/include" />
		</Compiler>
		<Unit filename="../nytl/bits/line.inl" />
		<Unit filename="../nytl/bits/mat.inl" />
		<Unit filename="../nytl/bits/matmp.inl" />
		<Unit filename="../nytl/bits/rect.inl" />
		<Unit filename="../nytl/bits/region.inl" />
		<Unit filename="../nytl/bits/triangle.inl" />
		<Unit filename="../nytl/bits/vec.inl" />
		<Unit filename="../nytl/cache.hpp" />
		<Unit filename="../nytl/callback.hpp" />
		<Unit filename="../nytl/cloneable.hpp" />
		<Unit filename="../nytl/compFunc.hpp" />
		<Unit filename="../nytl/constants.hpp" />
		<Unit filename="../nytl/function_traits.hpp" />
		<Unit filename="../nytl/hierachy.hpp" />
		<Unit filename="../nytl/integer_sequence.hpp" />
		<Unit filename="../nytl/line.hpp" />
		<Unit filename="../nytl/make_unique.hpp" />
		<Unit filename="../nytl/mat.hpp" />
		<Unit filename="../nytl/math.hpp" />
		<Unit filename="../nytl/misc.hpp" />
		<Unit filename="../nytl/nonCopyable.hpp" />
		<Unit filename="../nytl/nytl.hpp">
			<Option compile="1" />
		</Unit>
		<Unit filename="../nytl/potential_ptr.hpp" />
		<Unit filename="../nytl/rect.hpp" />
		<Unit filename="../nytl/refVec.hpp" />
		<Unit filename="../nytl/region.hpp" />
		<Unit filename="../nytl/serialize.hpp" />
		<Unit filename="../nytl/system.hpp" />
		<Unit filename="../nytl/time.hpp" />
		<Unit filename="../nytl/tmp.hpp" />
		<Unit filename="../nytl/transform.hpp" />
		<Unit filename="../nytl/triangle.hpp" />
		<Unit filename="../nytl/typemap.hpp" />
		<Unit filename="../nytl/vec.hpp" />
		<Unit filename="../nytl/versionControl.hpp" />
		<Unit filename="../nytl/watcher.hpp" />
		<Unit filename="experimental/animation.hpp" />
		<Unit filename="experimental/argParser.hpp" />
		<Unit filename="experimental/callback.hpp" />
		<Unit filename="experimental/cloneable.hpp" />
		<Unit filename="experimental/fdstream.hpp" />
		<Unit filename="experimental/slist.hpp" />
		<Unit filename="experimental/thread.hpp" />
		<Unit filename="experimental/triangleRegion.hpp" />
		<Unit filename="test.cpp" />
		<Extensions>
			<code_completion />
			<envvars />
			<lib_finder disable_auto="1" />
			<debugger />
		</Extensions>
	</Project>
</CodeBlocks_project_file>
